# This file is automatically @generated by Cargo.
# It is not intended for manual editing.
[[package]]
name = "gcc"
version = "0.3.55"
source = "registry+https://github.com/rust-lang/crates.io-index"

[[package]]
name = "nfd"
version = "0.0.4"
source = "registry+https://github.com/rust-lang/crates.io-index"
dependencies = [
 "gcc 0.3.55 (registry+https://github.com/rust-lang/crates.io-index)",
]

[[package]]
name = "playlist_transit"
version = "0.1.0"
dependencies = [
 "nfd 0.0.4 (registry+https://github.com/rust-lang/crates.io-index)",
 "roxmltree 0.4.0 (registry+https://github.com/rust-lang/crates.io-index)",
]

[[package]]
name = "roxmltree"
version = "0.4.0"
source = "registry+https://github.com/rust-lang/crates.io-index"
dependencies = [
 "xmlparser 0.8.0 (registry+https://github.com/rust-lang/crates.io-index)",
]

[[package]]
name = "xmlparser"
version = "0.8.0"
source = "registry+https://github.com/rust-lang/crates.io-index"

[metadata]
"checksum gcc 0.3.55 (registry+https://github.com/rust-lang/crates.io-index)" = "8f5f3913fa0bfe7ee1fd8248b6b9f42a5af4b9d65ec2dd2c3c26132b950ecfc2"
"checksum nfd 0.0.4 (registry+https://github.com/rust-lang/crates.io-index)" = "8e752e3c216bc8a491c5b59fa46da10f1379ae450b19ac688e07f4bb55042e98"
"checksum roxmltree 0.4.0 (registry+https://github.com/rust-lang/crates.io-index)" = "869a77456372218c6cd28ae457bedbc338af19866290e71d71965cc992e2654b"
"checksum xmlparser 0.8.0 (registry+https://github.com/rust-lang/crates.io-index)" = "225256c1180a843c21c5c1953aa890b544f5188b8af5d0bad87a4a1bb942f9dc"
